
Microsoft Visual Studio Solution File, Format Version 12.00
# Visual Studio Version 16
VisualStudioVersion = 16.0.30225.117
MinimumVisualStudioVersion = 10.0.40219.1
Project("{F184B08F-C81C-45F6-A57F-5ABD9991F28F}") = "Notifications", "Notifications\Notifications.vbproj", "{204ECBC9-52F1-4F34-B250-47964442AF9C}"
EndProject
Project("{F184B08F-C81C-45F6-A57F-5ABD9991F28F}") = "AccountingTool", "AccountingTool\AccountingTool.vbproj", "{927D8441-F016-4413-AEC2-2E50C5818F7E}"
EndProject
Project("{2150E333-8FDC-42A3-9474-1A3956D46DE8}") = "MailBot (MSSQL)", "MailBot (MSSQL)", "{9BBF8626-4DD4-4A24-BF49-E9865BDB767B}"
EndProject
Project("{778DAE3C-4631-46EA-AA77-85C1314464D9}") = "MailBot.BE", "MailBot (SQL)\MailBot.BE\MailBot.BE.vbproj", "{F7DAA078-450C-42AB-A43D-50566E2705E5}"
EndProject
Project("{F184B08F-C81C-45F6-A57F-5ABD9991F28F}") = "MailBot.DA", "MailBot (SQL)\MailBot.DA\MailBot.DA.vbproj", "{A32A6348-D49E-4D56-B2F5-36345CF6F3CF}"
EndProject
Project("{F184B08F-C81C-45F6-A57F-5ABD9991F28F}") = "MailBot.BL", "MailBot (SQL)\MailBot.BL\MailBot.BL.vbproj", "{FEEE9501-A147-454E-B6C9-E4E821F901EF}"
EndProject
Project("{F184B08F-C81C-45F6-A57F-5ABD9991F28F}") = "MailBot.UI", "MailBot (SQL)\MailBot.UI\MailBot.UI.vbproj", "{64AED196-8524-41E0-A666-52435A245825}"
EndProject
Project("{F184B08F-C81C-45F6-A57F-5ABD9991F28F}") = "MailBot.WS", "MailBot (SQL)\MailBot.WS\MailBot.WS.vbproj", "{FD541D37-43EA-412B-B31F-9D8F4D63CB46}"
EndProject
Project("{2150E333-8FDC-42A3-9474-1A3956D46DE8}") = "MailBot (Access)", "MailBot (Access)", "{F6973E20-8F95-45A7-9356-9CFEE2C32A65}"
EndProject
Project("{F184B08F-C81C-45F6-A57F-5ABD9991F28F}") = "MailBot.UI", "MailBot (Access)\MailBot.UI\MailBot.UI.vbproj", "{211C6974-39D7-424C-977F-2D569D6FA0B5}"
EndProject
Project("{F184B08F-C81C-45F6-A57F-5ABD9991F28F}") = "MailBot.AI", "MailBot (Access)\MailBot.AI\MailBot.AI.vbproj", "{BE349DF6-1B1B-4231-9744-4A9356BE4F52}"
EndProject
Project("{2150E333-8FDC-42A3-9474-1A3956D46DE8}") = "Sicurezza", "Sicurezza", "{B0F28D0C-3BA0-4389-B0C9-CF6502D1CE28}"
EndProject
Project("{2150E333-8FDC-42A3-9474-1A3956D46DE8}") = "Agrícola Huarmey", "Agrícola Huarmey", "{F2DFE82A-F821-42F4-A8C9-3CB79C05A84B}"
EndProject
Project("{F184B08F-C81C-45F6-A57F-5ABD9991F28F}") = "DPT_Sicurezza", "Sicurezza\DataProcessingTool\DPT_Sicurezza.vbproj", "{8CDCBB16-9A13-4C4D-8350-90B5192E6533}"
EndProject
Project("{F184B08F-C81C-45F6-A57F-5ABD9991F28F}") = "DPT_AgricolaHuarmey", "Agrícola Huarmey\DataProcessingTool\DPT_AgricolaHuarmey.vbproj", "{8F8F897D-5EC6-483D-A87B-279B7C1B48B3}"
EndProject
Global
	GlobalSection(SolutionConfigurationPlatforms) = preSolution
		Debug|Any CPU = Debug|Any CPU
		Debug|x86 = Debug|x86
		Release|Any CPU = Release|Any CPU
		Release|x86 = Release|x86
	EndGlobalSection
	GlobalSection(ProjectConfigurationPlatforms) = postSolution
		{204ECBC9-52F1-4F34-B250-47964442AF9C}.Debug|Any CPU.ActiveCfg = Debug|Any CPU
		{204ECBC9-52F1-4F34-B250-47964442AF9C}.Debug|Any CPU.Build.0 = Debug|Any CPU
		{204ECBC9-52F1-4F34-B250-47964442AF9C}.Debug|x86.ActiveCfg = Debug|Any CPU
		{204ECBC9-52F1-4F34-B250-47964442AF9C}.Debug|x86.Build.0 = Debug|Any CPU
		{204ECBC9-52F1-4F34-B250-47964442AF9C}.Release|Any CPU.ActiveCfg = Release|Any CPU
		{204ECBC9-52F1-4F34-B250-47964442AF9C}.Release|Any CPU.Build.0 = Release|Any CPU
		{204ECBC9-52F1-4F34-B250-47964442AF9C}.Release|x86.ActiveCfg = Release|Any CPU
		{204ECBC9-52F1-4F34-B250-47964442AF9C}.Release|x86.Build.0 = Release|Any CPU
		{927D8441-F016-4413-AEC2-2E50C5818F7E}.Debug|Any CPU.ActiveCfg = Debug|Any CPU
		{927D8441-F016-4413-AEC2-2E50C5818F7E}.Debug|Any CPU.Build.0 = Debug|Any CPU
		{927D8441-F016-4413-AEC2-2E50C5818F7E}.Debug|x86.ActiveCfg = Debug|Any CPU
		{927D8441-F016-4413-AEC2-2E50C5818F7E}.Debug|x86.Build.0 = Debug|Any CPU
		{927D8441-F016-4413-AEC2-2E50C5818F7E}.Release|Any CPU.ActiveCfg = Release|Any CPU
		{927D8441-F016-4413-AEC2-2E50C5818F7E}.Release|Any CPU.Build.0 = Release|Any CPU
		{927D8441-F016-4413-AEC2-2E50C5818F7E}.Release|x86.ActiveCfg = Release|Any CPU
		{927D8441-F016-4413-AEC2-2E50C5818F7E}.Release|x86.Build.0 = Release|Any CPU
		{F7DAA078-450C-42AB-A43D-50566E2705E5}.Debug|Any CPU.ActiveCfg = Debug|Any CPU
		{F7DAA078-450C-42AB-A43D-50566E2705E5}.Debug|Any CPU.Build.0 = Debug|Any CPU
		{F7DAA078-450C-42AB-A43D-50566E2705E5}.Debug|x86.ActiveCfg = Debug|Any CPU
		{F7DAA078-450C-42AB-A43D-50566E2705E5}.Debug|x86.Build.0 = Debug|Any CPU
		{F7DAA078-450C-42AB-A43D-50566E2705E5}.Release|Any CPU.ActiveCfg = Release|Any CPU
		{F7DAA078-450C-42AB-A43D-50566E2705E5}.Release|Any CPU.Build.0 = Release|Any CPU
		{F7DAA078-450C-42AB-A43D-50566E2705E5}.Release|x86.ActiveCfg = Release|Any CPU
		{F7DAA078-450C-42AB-A43D-50566E2705E5}.Release|x86.Build.0 = Release|Any CPU
		{A32A6348-D49E-4D56-B2F5-36345CF6F3CF}.Debug|Any CPU.ActiveCfg = Debug|Any CPU
		{A32A6348-D49E-4D56-B2F5-36345CF6F3CF}.Debug|Any CPU.Build.0 = Debug|Any CPU
		{A32A6348-D49E-4D56-B2F5-36345CF6F3CF}.Debug|x86.ActiveCfg = Debug|Any CPU
		{A32A6348-D49E-4D56-B2F5-36345CF6F3CF}.Debug|x86.Build.0 = Debug|Any CPU
		{A32A6348-D49E-4D56-B2F5-36345CF6F3CF}.Release|Any CPU.ActiveCfg = Release|Any CPU
		{A32A6348-D49E-4D56-B2F5-36345CF6F3CF}.Release|Any CPU.Build.0 = Release|Any CPU
		{A32A6348-D49E-4D56-B2F5-36345CF6F3CF}.Release|x86.ActiveCfg = Release|Any CPU
		{A32A6348-D49E-4D56-B2F5-36345CF6F3CF}.Release|x86.Build.0 = Release|Any CPU
		{FEEE9501-A147-454E-B6C9-E4E821F901EF}.Debug|Any CPU.ActiveCfg = Debug|Any CPU
		{FEEE9501-A147-454E-B6C9-E4E821F901EF}.Debug|Any CPU.Build.0 = Debug|Any CPU
		{FEEE9501-A147-454E-B6C9-E4E821F901EF}.Debug|x86.ActiveCfg = Debug|Any CPU
		{FEEE9501-A147-454E-B6C9-E4E821F901EF}.Debug|x86.Build.0 = Debug|Any CPU
		{FEEE9501-A147-454E-B6C9-E4E821F901EF}.Release|Any CPU.ActiveCfg = Release|Any CPU
		{FEEE9501-A147-454E-B6C9-E4E821F901EF}.Release|Any CPU.Build.0 = Release|Any CPU
		{FEEE9501-A147-454E-B6C9-E4E821F901EF}.Release|x86.ActiveCfg = Release|Any CPU
		{FEEE9501-A147-454E-B6C9-E4E821F901EF}.Release|x86.Build.0 = Release|Any CPU
		{64AED196-8524-41E0-A666-52435A245825}.Debug|Any CPU.ActiveCfg = Debug|Any CPU
		{64AED196-8524-41E0-A666-52435A245825}.Debug|Any CPU.Build.0 = Debug|Any CPU
		{64AED196-8524-41E0-A666-52435A245825}.Debug|x86.ActiveCfg = Debug|Any CPU
		{64AED196-8524-41E0-A666-52435A245825}.Debug|x86.Build.0 = Debug|Any CPU
		{64AED196-8524-41E0-A666-52435A245825}.Release|Any CPU.ActiveCfg = Release|Any CPU
		{64AED196-8524-41E0-A666-52435A245825}.Release|Any CPU.Build.0 = Release|Any CPU
		{64AED196-8524-41E0-A666-52435A245825}.Release|x86.ActiveCfg = Release|Any CPU
		{64AED196-8524-41E0-A666-52435A245825}.Release|x86.Build.0 = Release|Any CPU
		{FD541D37-43EA-412B-B31F-9D8F4D63CB46}.Debug|Any CPU.ActiveCfg = Debug|Any CPU
		{FD541D37-43EA-412B-B31F-9D8F4D63CB46}.Debug|Any CPU.Build.0 = Debug|Any CPU
		{FD541D37-43EA-412B-B31F-9D8F4D63CB46}.Debug|x86.ActiveCfg = Debug|Any CPU
		{FD541D37-43EA-412B-B31F-9D8F4D63CB46}.Debug|x86.Build.0 = Debug|Any CPU
		{FD541D37-43EA-412B-B31F-9D8F4D63CB46}.Release|Any CPU.ActiveCfg = Release|Any CPU
		{FD541D37-43EA-412B-B31F-9D8F4D63CB46}.Release|Any CPU.Build.0 = Release|Any CPU
		{FD541D37-43EA-412B-B31F-9D8F4D63CB46}.Release|x86.ActiveCfg = Release|Any CPU
		{FD541D37-43EA-412B-B31F-9D8F4D63CB46}.Release|x86.Build.0 = Release|Any CPU
		{211C6974-39D7-424C-977F-2D569D6FA0B5}.Debug|Any CPU.ActiveCfg = Debug|Any CPU
		{211C6974-39D7-424C-977F-2D569D6FA0B5}.Debug|Any CPU.Build.0 = Debug|Any CPU
		{211C6974-39D7-424C-977F-2D569D6FA0B5}.Debug|x86.ActiveCfg = Debug|Any CPU
		{211C6974-39D7-424C-977F-2D569D6FA0B5}.Debug|x86.Build.0 = Debug|Any CPU
		{211C6974-39D7-424C-977F-2D569D6FA0B5}.Release|Any CPU.ActiveCfg = Release|Any CPU
		{211C6974-39D7-424C-977F-2D569D6FA0B5}.Release|Any CPU.Build.0 = Release|Any CPU
		{211C6974-39D7-424C-977F-2D569D6FA0B5}.Release|x86.ActiveCfg = Release|Any CPU
		{211C6974-39D7-424C-977F-2D569D6FA0B5}.Release|x86.Build.0 = Release|Any CPU
		{BE349DF6-1B1B-4231-9744-4A9356BE4F52}.Debug|Any CPU.ActiveCfg = Debug|Any CPU
		{BE349DF6-1B1B-4231-9744-4A9356BE4F52}.Debug|Any CPU.Build.0 = Debug|Any CPU
		{BE349DF6-1B1B-4231-9744-4A9356BE4F52}.Debug|x86.ActiveCfg = Debug|Any CPU
		{BE349DF6-1B1B-4231-9744-4A9356BE4F52}.Debug|x86.Build.0 = Debug|Any CPU
		{BE349DF6-1B1B-4231-9744-4A9356BE4F52}.Release|Any CPU.ActiveCfg = Release|Any CPU
		{BE349DF6-1B1B-4231-9744-4A9356BE4F52}.Release|Any CPU.Build.0 = Release|Any CPU
		{BE349DF6-1B1B-4231-9744-4A9356BE4F52}.Release|x86.ActiveCfg = Release|Any CPU
		{BE349DF6-1B1B-4231-9744-4A9356BE4F52}.Release|x86.Build.0 = Release|Any CPU
		{8CDCBB16-9A13-4C4D-8350-90B5192E6533}.Debug|Any CPU.ActiveCfg = Debug|Any CPU
		{8CDCBB16-9A13-4C4D-8350-90B5192E6533}.Debug|Any CPU.Build.0 = Debug|Any CPU
		{8CDCBB16-9A13-4C4D-8350-90B5192E6533}.Debug|x86.ActiveCfg = Debug|x86
		{8CDCBB16-9A13-4C4D-8350-90B5192E6533}.Debug|x86.Build.0 = Debug|x86
		{8CDCBB16-9A13-4C4D-8350-90B5192E6533}.Release|Any CPU.ActiveCfg = Release|Any CPU
		{8CDCBB16-9A13-4C4D-8350-90B5192E6533}.Release|Any CPU.Build.0 = Release|Any CPU
		{8CDCBB16-9A13-4C4D-8350-90B5192E6533}.Release|x86.ActiveCfg = Release|x86
		{8CDCBB16-9A13-4C4D-8350-90B5192E6533}.Release|x86.Build.0 = Release|x86
		{8F8F897D-5EC6-483D-A87B-279B7C1B48B3}.Debug|Any CPU.ActiveCfg = Debug|Any CPU
		{8F8F897D-5EC6-483D-A87B-279B7C1B48B3}.Debug|Any CPU.Build.0 = Debug|Any CPU
		{8F8F897D-5EC6-483D-A87B-279B7C1B48B3}.Debug|x86.ActiveCfg = Debug|x86
		{8F8F897D-5EC6-483D-A87B-279B7C1B48B3}.Debug|x86.Build.0 = Debug|x86
		{8F8F897D-5EC6-483D-A87B-279B7C1B48B3}.Release|Any CPU.ActiveCfg = Release|Any CPU
		{8F8F897D-5EC6-483D-A87B-279B7C1B48B3}.Release|Any CPU.Build.0 = Release|Any CPU
		{8F8F897D-5EC6-483D-A87B-279B7C1B48B3}.Release|x86.ActiveCfg = Release|x86
		{8F8F897D-5EC6-483D-A87B-279B7C1B48B3}.Release|x86.Build.0 = Release|x86
	EndGlobalSection
	GlobalSection(SolutionProperties) = preSolution
		HideSolutionNode = FALSE
	EndGlobalSection
	GlobalSection(NestedProjects) = preSolution
		{F7DAA078-450C-42AB-A43D-50566E2705E5} = {9BBF8626-4DD4-4A24-BF49-E9865BDB767B}
		{A32A6348-D49E-4D56-B2F5-36345CF6F3CF} = {9BBF8626-4DD4-4A24-BF49-E9865BDB767B}
		{FEEE9501-A147-454E-B6C9-E4E821F901EF} = {9BBF8626-4DD4-4A24-BF49-E9865BDB767B}
		{64AED196-8524-41E0-A666-52435A245825} = {9BBF8626-4DD4-4A24-BF49-E9865BDB767B}
		{FD541D37-43EA-412B-B31F-9D8F4D63CB46} = {9BBF8626-4DD4-4A24-BF49-E9865BDB767B}
		{211C6974-39D7-424C-977F-2D569D6FA0B5} = {F6973E20-8F95-45A7-9356-9CFEE2C32A65}
		{BE349DF6-1B1B-4231-9744-4A9356BE4F52} = {F6973E20-8F95-45A7-9356-9CFEE2C32A65}
		{8CDCBB16-9A13-4C4D-8350-90B5192E6533} = {B0F28D0C-3BA0-4389-B0C9-CF6502D1CE28}
		{8F8F897D-5EC6-483D-A87B-279B7C1B48B3} = {F2DFE82A-F821-42F4-A8C9-3CB79C05A84B}
	EndGlobalSection
	GlobalSection(ExtensibilityGlobals) = postSolution
		SolutionGuid = {366EEBFE-5CD9-4973-A665-BC302DCBCBA9}
	EndGlobalSection
EndGlobal
