
Microsoft Visual Studio Solution File, Format Version 12.00
# Visual Studio 15
VisualStudioVersion = 15.0.28307.421
MinimumVisualStudioVersion = 10.0.40219.1
Project("{778DAE3C-4631-46EA-AA77-85C1314464D9}") = "MailBot.Entidades", "MailBot.Entidades\MailBot.Entidades.vbproj", "{8D66AB9F-C196-45C3-BC0B-FDCBFA36942A}"
EndProject
Project("{F184B08F-C81C-45F6-A57F-5ABD9991F28F}") = "MailBot.AccesoDatos", "MailBot.AccesoDatos\MailBot.AccesoDatos.vbproj", "{A32A6348-D49E-4D56-B2F5-36345CF6F3CF}"
EndProject
Project("{F184B08F-C81C-45F6-A57F-5ABD9991F28F}") = "MailBot.LogicaNegocio", "MailBot.LogicaNegocio\MailBot.LogicaNegocio.vbproj", "{FEEE9501-A147-454E-B6C9-E4E821F901EF}"
EndProject
Project("{F184B08F-C81C-45F6-A57F-5ABD9991F28F}") = "MailBot.InterfazUsuario", "MailBot.InterfazUsuario\MailBot.InterfazUsuario.vbproj", "{64AED196-8524-41E0-A666-52435A245825}"
	ProjectSection(ProjectDependencies) = postProject
		{FD541D37-43EA-412B-B31F-9D8F4D63CB46} = {FD541D37-43EA-412B-B31F-9D8F4D63CB46}
	EndProjectSection
EndProject
Project("{F184B08F-C81C-45F6-A57F-5ABD9991F28F}") = "MailBot.ServicesWCF", "MailBot.ServicesWCF\MailBot.ServicesWCF.vbproj", "{FD541D37-43EA-412B-B31F-9D8F4D63CB46}"
EndProject
Global
	GlobalSection(SolutionConfigurationPlatforms) = preSolution
		Debug|Any CPU = Debug|Any CPU
		Release|Any CPU = Release|Any CPU
	EndGlobalSection
	GlobalSection(ProjectConfigurationPlatforms) = postSolution
		{8D66AB9F-C196-45C3-BC0B-FDCBFA36942A}.Debug|Any CPU.ActiveCfg = Debug|Any CPU
		{8D66AB9F-C196-45C3-BC0B-FDCBFA36942A}.Debug|Any CPU.Build.0 = Debug|Any CPU
		{8D66AB9F-C196-45C3-BC0B-FDCBFA36942A}.Release|Any CPU.ActiveCfg = Release|Any CPU
		{8D66AB9F-C196-45C3-BC0B-FDCBFA36942A}.Release|Any CPU.Build.0 = Release|Any CPU
		{A32A6348-D49E-4D56-B2F5-36345CF6F3CF}.Debug|Any CPU.ActiveCfg = Debug|Any CPU
		{A32A6348-D49E-4D56-B2F5-36345CF6F3CF}.Debug|Any CPU.Build.0 = Debug|Any CPU
		{A32A6348-D49E-4D56-B2F5-36345CF6F3CF}.Release|Any CPU.ActiveCfg = Release|Any CPU
		{A32A6348-D49E-4D56-B2F5-36345CF6F3CF}.Release|Any CPU.Build.0 = Release|Any CPU
		{FEEE9501-A147-454E-B6C9-E4E821F901EF}.Debug|Any CPU.ActiveCfg = Debug|Any CPU
		{FEEE9501-A147-454E-B6C9-E4E821F901EF}.Debug|Any CPU.Build.0 = Debug|Any CPU
		{FEEE9501-A147-454E-B6C9-E4E821F901EF}.Release|Any CPU.ActiveCfg = Release|Any CPU
		{FEEE9501-A147-454E-B6C9-E4E821F901EF}.Release|Any CPU.Build.0 = Release|Any CPU
		{64AED196-8524-41E0-A666-52435A245825}.Debug|Any CPU.ActiveCfg = Debug|Any CPU
		{64AED196-8524-41E0-A666-52435A245825}.Debug|Any CPU.Build.0 = Debug|Any CPU
		{64AED196-8524-41E0-A666-52435A245825}.Release|Any CPU.ActiveCfg = Release|Any CPU
		{64AED196-8524-41E0-A666-52435A245825}.Release|Any CPU.Build.0 = Release|Any CPU
		{FD541D37-43EA-412B-B31F-9D8F4D63CB46}.Debug|Any CPU.ActiveCfg = Debug|Any CPU
		{FD541D37-43EA-412B-B31F-9D8F4D63CB46}.Debug|Any CPU.Build.0 = Debug|Any CPU
		{FD541D37-43EA-412B-B31F-9D8F4D63CB46}.Release|Any CPU.ActiveCfg = Release|Any CPU
		{FD541D37-43EA-412B-B31F-9D8F4D63CB46}.Release|Any CPU.Build.0 = Release|Any CPU
	EndGlobalSection
	GlobalSection(SolutionProperties) = preSolution
		HideSolutionNode = FALSE
	EndGlobalSection
	GlobalSection(ExtensibilityGlobals) = postSolution
		SolutionGuid = {71D47C05-9ADB-440A-B3AE-65C7C085589A}
	EndGlobalSection
EndGlobal
